<?xml version="1.0" encoding="utf-8"?>
<Project ToolsVersion="4.0" xmlns="http://schemas.microsoft.com/developer/msbuild/2003">
  <ItemGroup>
    <Filter Include="Source Files">
      <UniqueIdentifier>{4FC737F1-C7A5-4376-A066-2A32D752A2FF}</UniqueIdentifier>
      <Extensions>cpp;cxx;c;def</Extensions>
    </Filter>
    <Filter Include="Header Files">
      <UniqueIdentifier>{93995380-89BD-4b04-88EB-625FBE52EBFB}</UniqueIdentifier>
      <Extensions>h</Extensions>
    </Filter>
    <Filter Include="Form Files">
      <UniqueIdentifier>{99349809-55BA-4b9d-BF79-8FDBB0286EB3}</UniqueIdentifier>
      <Extensions>ui</Extensions>
    </Filter>
    <Filter Include="Resource Files">
      <UniqueIdentifier>{D9D6E242-F8AF-46E4-B9FD-80ECBC20BA3E}</UniqueIdentifier>
      <Extensions>qrc;*</Extensions>
      <ParseFiles>false</ParseFiles>
    </Filter>
    <Filter Include="Generated Files">
      <UniqueIdentifier>{71ED8ED8-ACB9-4CE9-BBE1-E00B30144E11}</UniqueIdentifier>
      <Extensions>moc;h;cpp</Extensions>
      <SourceControlFiles>False</SourceControlFiles>
    </Filter>
  </ItemGroup>
  <ItemGroup>
    <ClInclude Include="SafeUserInfo.hpp">
      <Filter>Header Files</Filter>
    </ClInclude>
    <ClInclude Include="SafeDepartDAO.hpp">
      <Filter>Header Files</Filter>
    </ClInclude>
    <ClInclude Include="SafeDepartInfo.hpp">
      <Filter>Header Files</Filter>
    </ClInclude>
    <ClInclude Include="SafeObjectAuthInfo.hpp">
      <Filter>Header Files</Filter>
    </ClInclude>
    <ClInclude Include="SafeObjectDAO.hpp">
      <Filter>Header Files</Filter>
    </ClInclude>
    <ClInclude Include="SafeObjectInfo.hpp">
      <Filter>Header Files</Filter>
    </ClInclude>
    <ClInclude Include="SafeOperateAuthInfo.hpp">
      <Filter>Header Files</Filter>
    </ClInclude>
    <ClInclude Include="SafeOperateDAO.hpp">
      <Filter>Header Files</Filter>
    </ClInclude>
    <ClInclude Include="SafeOperateInfo.hpp">
      <Filter>Header Files</Filter>
    </ClInclude>
    <ClInclude Include="SafeRoleAllocInfo.hpp">
      <Filter>Header Files</Filter>
    </ClInclude>
    <ClInclude Include="SafeRoleDAO.hpp">
      <Filter>Header Files</Filter>
    </ClInclude>
    <ClInclude Include="SafeRoleInfo.hpp">
      <Filter>Header Files</Filter>
    </ClInclude>
    <ClInclude Include="SafeSelfDAO.hpp">
      <Filter>Header Files</Filter>
    </ClInclude>
    <ClInclude Include="SafeSessionDAO.hpp">
      <Filter>Header Files</Filter>
    </ClInclude>
    <ClInclude Include="SafeSessionInfo.hpp">
      <Filter>Header Files</Filter>
    </ClInclude>
    <ClInclude Include="SafetyDll.hpp">
      <Filter>Header Files</Filter>
    </ClInclude>
    <ClInclude Include="SafeUserDAO.hpp">
      <Filter>Header Files</Filter>
    </ClInclude>
    <ClInclude Include="OperateLogInfo.hpp">
      <Filter>Header Files</Filter>
    </ClInclude>
    <ClInclude Include="OperateLogDAO.hpp">
      <Filter>Header Files</Filter>
    </ClInclude>
    <ClInclude Include="SafeSubSysInfo.hpp">
      <Filter>Header Files</Filter>
    </ClInclude>
    <ClInclude Include="SafeSubSysDAO.hpp">
      <Filter>Header Files</Filter>
    </ClInclude>
    <ClInclude Include="SafeLicenseInfo.hpp">
      <Filter>Header Files</Filter>
    </ClInclude>
    <ClInclude Include="SafeLicenseDAO.hpp">
      <Filter>Header Files</Filter>
    </ClInclude>
    <ClInclude Include="SafeAccessDAO.hpp">
      <Filter>Header Files</Filter>
    </ClInclude>
    <ClInclude Include="SystemBackupInfo.hpp">
      <Filter>Header Files</Filter>
    </ClInclude>
    <ClInclude Include="SystemBackupDAO.hpp">
      <Filter>Header Files</Filter>
    </ClInclude>
  </ItemGroup>
  <ItemGroup>
    <ClCompile Include="SafeDepartDAOImpl.cpp">
      <Filter>Source Files</Filter>
    </ClCompile>
    <ClCompile Include="SafeUserDAOImpl.cpp">
      <Filter>Source Files</Filter>
    </ClCompile>
    <ClCompile Include="SafeSessionDAOImpl.cpp">
      <Filter>Source Files</Filter>
    </ClCompile>
    <ClCompile Include="SafeSelfDAOImpl.cpp">
      <Filter>Source Files</Filter>
    </ClCompile>
    <ClCompile Include="SafeRoleDAOImpl.cpp">
      <Filter>Source Files</Filter>
    </ClCompile>
    <ClCompile Include="SafeOperateDAOImpl.cpp">
      <Filter>Source Files</Filter>
    </ClCompile>
    <ClCompile Include="SafeObjectDAOImpl.cpp">
      <Filter>Source Files</Filter>
    </ClCompile>
    <ClCompile Include="OperateLogDAOImpl.cpp">
      <Filter>Source Files</Filter>
    </ClCompile>
    <ClCompile Include="SafeSubSysDAOImpl.cpp">
      <Filter>Source Files</Filter>
    </ClCompile>
    <ClCompile Include="SafeLicenseDAOImpl.cpp">
      <Filter>Source Files</Filter>
    </ClCompile>
    <ClCompile Include="SafeAccessDAOImpl.cpp">
      <Filter>Source Files</Filter>
    </ClCompile>
    <ClCompile Include="SystemBackupDAOImpl.cpp">
      <Filter>Source Files</Filter>
    </ClCompile>
  </ItemGroup>
</Project>